
Microsoft Visual Studio Solution File, Format Version 12.00
# Visual Studio Version 17
VisualStudioVersion = 17.8.34309.116
MinimumVisualStudioVersion = 10.0.40219.1
Project("{2150E333-8FDC-42A3-9474-1A3956D46DE8}") = "Solution Items", "Solution Items", "{BF7FC7F3-E80C-4DB5-A96A-E881DD1E3B5A}"
	ProjectSection(SolutionItems) = preProject
		Readme.txt = Readme.txt
	EndProjectSection
EndProject
Project("{9A19103F-16F7-4668-BE54-9A1E7A4F7556}") = "000_InversionOfControl", "InversionOfControl\000_InversionOfControl.csproj", "{42E7D7BE-C6A1-4AD7-9FF5-1B20AC4534CA}"
EndProject
Project("{9A19103F-16F7-4668-BE54-9A1E7A4F7556}") = "001_DependencyInversion", "DependencyInversion\001_DependencyInversion.csproj", "{471AFAB2-F257-43D2-BF12-B9D8F3822C7E}"
EndProject
Project("{9A19103F-16F7-4668-BE54-9A1E7A4F7556}") = "003_DependencyInjection", "DependencyInjection\003_DependencyInjection.csproj", "{7689D1CD-B1E3-4DED-90DD-383DFF2B56DE}"
EndProject
Project("{9A19103F-16F7-4668-BE54-9A1E7A4F7556}") = "004_Strategy", "Strategy\004_Strategy.csproj", "{BE446541-CC81-4C45-9983-31BB68354194}"
EndProject
Project("{2150E333-8FDC-42A3-9474-1A3956D46DE8}") = "Principles", "Principles", "{3DFB2CC9-E20C-45D5-8FF1-0F5DC798408B}"
EndProject
Project("{FAE04EC0-301F-11D3-BF4B-00C04F79EFBC}") = "OpenClosed_Principle", "OpenClosed_Principle\OpenClosed_Principle.csproj", "{9DD5E26D-35C9-402B-98CC-6CECAD4BCE8B}"
EndProject
Global
	GlobalSection(SolutionConfigurationPlatforms) = preSolution
		Debug|Any CPU = Debug|Any CPU
		Release|Any CPU = Release|Any CPU
	EndGlobalSection
	GlobalSection(ProjectConfigurationPlatforms) = postSolution
		{42E7D7BE-C6A1-4AD7-9FF5-1B20AC4534CA}.Debug|Any CPU.ActiveCfg = Debug|Any CPU
		{42E7D7BE-C6A1-4AD7-9FF5-1B20AC4534CA}.Debug|Any CPU.Build.0 = Debug|Any CPU
		{42E7D7BE-C6A1-4AD7-9FF5-1B20AC4534CA}.Release|Any CPU.ActiveCfg = Release|Any CPU
		{42E7D7BE-C6A1-4AD7-9FF5-1B20AC4534CA}.Release|Any CPU.Build.0 = Release|Any CPU
		{471AFAB2-F257-43D2-BF12-B9D8F3822C7E}.Debug|Any CPU.ActiveCfg = Debug|Any CPU
		{471AFAB2-F257-43D2-BF12-B9D8F3822C7E}.Debug|Any CPU.Build.0 = Debug|Any CPU
		{471AFAB2-F257-43D2-BF12-B9D8F3822C7E}.Release|Any CPU.ActiveCfg = Release|Any CPU
		{471AFAB2-F257-43D2-BF12-B9D8F3822C7E}.Release|Any CPU.Build.0 = Release|Any CPU
		{7689D1CD-B1E3-4DED-90DD-383DFF2B56DE}.Debug|Any CPU.ActiveCfg = Debug|Any CPU
		{7689D1CD-B1E3-4DED-90DD-383DFF2B56DE}.Debug|Any CPU.Build.0 = Debug|Any CPU
		{7689D1CD-B1E3-4DED-90DD-383DFF2B56DE}.Release|Any CPU.ActiveCfg = Release|Any CPU
		{7689D1CD-B1E3-4DED-90DD-383DFF2B56DE}.Release|Any CPU.Build.0 = Release|Any CPU
		{BE446541-CC81-4C45-9983-31BB68354194}.Debug|Any CPU.ActiveCfg = Debug|Any CPU
		{BE446541-CC81-4C45-9983-31BB68354194}.Debug|Any CPU.Build.0 = Debug|Any CPU
		{BE446541-CC81-4C45-9983-31BB68354194}.Release|Any CPU.ActiveCfg = Release|Any CPU
		{BE446541-CC81-4C45-9983-31BB68354194}.Release|Any CPU.Build.0 = Release|Any CPU
		{9DD5E26D-35C9-402B-98CC-6CECAD4BCE8B}.Debug|Any CPU.ActiveCfg = Debug|Any CPU
		{9DD5E26D-35C9-402B-98CC-6CECAD4BCE8B}.Debug|Any CPU.Build.0 = Debug|Any CPU
		{9DD5E26D-35C9-402B-98CC-6CECAD4BCE8B}.Release|Any CPU.ActiveCfg = Release|Any CPU
		{9DD5E26D-35C9-402B-98CC-6CECAD4BCE8B}.Release|Any CPU.Build.0 = Release|Any CPU
	EndGlobalSection
	GlobalSection(SolutionProperties) = preSolution
		HideSolutionNode = FALSE
	EndGlobalSection
	GlobalSection(NestedProjects) = preSolution
		{9DD5E26D-35C9-402B-98CC-6CECAD4BCE8B} = {3DFB2CC9-E20C-45D5-8FF1-0F5DC798408B}
	EndGlobalSection
	GlobalSection(ExtensibilityGlobals) = postSolution
		SolutionGuid = {E53C3368-C7A4-4B7D-A4B5-15A3CA3137E0}
	EndGlobalSection
EndGlobal
